Microsoft Visual Studio Solution File, Format Version 12.00
# Visual Studio Version 17
VisualStudioVersion = 17.5.2.0
MinimumVisualStudioVersion = 10.0.40219.1
Project("{FAE04EC0-301F-11D3-BF4B-00C04F79EFBC}") = "Mazada", "Mazada.csproj", "{3DD876D1-6AC8-48A1-5919-87973EC4A24F}"
EndProject
Global
	GlobalSection(SolutionConfigurationPlatforms) = preSolution
		Debug|Any CPU = Debug|Any CPU
		Release|Any CPU = Release|Any CPU
	EndGlobalSection
	GlobalSection(ProjectConfigurationPlatforms) = postSolution
		{3DD876D1-6AC8-48A1-5919-87973EC4A24F}.Debug|Any CPU.ActiveCfg = Debug|Any CPU
		{3DD876D1-6AC8-48A1-5919-87973EC4A24F}.Debug|Any CPU.Build.0 = Debug|Any CPU
		{3DD876D1-6AC8-48A1-5919-87973EC4A24F}.Release|Any CPU.ActiveCfg = Release|Any CPU
		{3DD876D1-6AC8-48A1-5919-87973EC4A24F}.Release|Any CPU.Build.0 = Release|Any CPU
	EndGlobalSection
	GlobalSection(SolutionProperties) = preSolution
		HideSolutionNode = FALSE
	EndGlobalSection
	GlobalSection(ExtensibilityGlobals) = postSolution
		SolutionGuid = {3BAFDA7D-5607-406C-AEAE-0F7D59E7E17B}
	EndGlobalSection
EndGlobal
